{
  "name": "@dwayneparton/geojson-to-gpx",
  "version": "1.0.0",
  "lockfileVersion": 2,
  "requires": true,
  "packages": {
    "": {
      "name": "@dwayneparton/geojson-to-gpx",
      "version": "1.0.0",
      "license": "MIT",
      "dependencies": {
        "@types/geojson": "^7946.0.10",
        "xmldom": "^0.6.0"
      },
      "devDependencies": {
        "@types/xmldom": "^0.1.31",
        "typescript": "^4.9.4"
      }
    },
    "node_modules/@types/geojson": {
      "version": "7946.0.10",
      "resolved": "https://registry.npmjs.org/@types/geojson/-/geojson-7946.0.10.tgz",
      "integrity": "sha512-Nmh0K3iWQJzniTuPRcJn5hxXkfB1T1pgB89SBig5PlJQU5yocazeu4jATJlaA0GYFKWMqDdvYemoSnF2pXgLVA=="
    },
    "node_modules/@types/xmldom": {
      "version": "0.1.31",
      "resolved": "https://registry.npmjs.org/@types/xmldom/-/xmldom-0.1.31.tgz",
      "integrity": "sha512-bVy7s0nvaR5D1mT1a8ZkByHWNOGb6Vn4yi5TWhEdmyKlAG+08SA7Md6+jH+tYmMLueAwNeWvHHpeKrr6S4c4BA==",
      "dev": true
    },
    "node_modules/typescript": {
      "version": "4.9.4",
      "resolved": "https://registry.npmjs.org/typescript/-/typescript-4.9.4.tgz",
      "integrity": "sha512-Uz+dTXYzxXXbsFpM86Wh3dKCxrQqUcVMxwU54orwlJjOpO3ao8L7j5lH+dWfTwgCwIuM9GQ2kvVotzYJMXTBZg==",
      "dev": true,
      "bin": {
        "tsc": "bin/tsc",
        "tsserver": "bin/tsserver"
      },
      "engines": {
        "node": ">=4.2.0"
      }
    },
    "node_modules/xmldom": {
      "version": "0.6.0",
      "resolved": "https://registry.npmjs.org/xmldom/-/xmldom-0.6.0.tgz",
      "integrity": "sha512-iAcin401y58LckRZ0TkI4k0VSM1Qg0KGSc3i8rU+xrxe19A/BN1zHyVSJY7uoutVlaTSzYyk/v5AmkewAP7jtg==",
      "engines": {
        "node": ">=10.0.0"
      }
    }
  },
  "dependencies": {
    "@types/geojson": {
      "version": "7946.0.10",
      "resolved": "https://registry.npmjs.org/@types/geojson/-/geojson-7946.0.10.tgz",
      "integrity": "sha512-Nmh0K3iWQJzniTuPRcJn5hxXkfB1T1pgB89SBig5PlJQU5yocazeu4jATJlaA0GYFKWMqDdvYemoSnF2pXgLVA=="
    },
    "@types/xmldom": {
      "version": "0.1.31",
      "resolved": "https://registry.npmjs.org/@types/xmldom/-/xmldom-0.1.31.tgz",
      "integrity": "sha512-bVy7s0nvaR5D1mT1a8ZkByHWNOGb6Vn4yi5TWhEdmyKlAG+08SA7Md6+jH+tYmMLueAwNeWvHHpeKrr6S4c4BA==",
      "dev": true
    },
    "typescript": {
      "version": "4.9.4",
      "resolved": "https://registry.npmjs.org/typescript/-/typescript-4.9.4.tgz",
      "integrity": "sha512-Uz+dTXYzxXXbsFpM86Wh3dKCxrQqUcVMxwU54orwlJjOpO3ao8L7j5lH+dWfTwgCwIuM9GQ2kvVotzYJMXTBZg==",
      "dev": true
    },
    "xmldom": {
      "version": "0.6.0",
      "resolved": "https://registry.npmjs.org/xmldom/-/xmldom-0.6.0.tgz",
      "integrity": "sha512-iAcin401y58LckRZ0TkI4k0VSM1Qg0KGSc3i8rU+xrxe19A/BN1zHyVSJY7uoutVlaTSzYyk/v5AmkewAP7jtg=="
    }
  }
}
